{
  "name": "arry-compare-benchmark",
  "version": "1.0.0",
  "lockfileVersion": 2,
  "requires": true,
  "packages": {
    "": {
      "name": "arry-compare-benchmark",
      "version": "1.0.0",
      "license": "ISC",
      "dependencies": {
        "lodash": "^4.17.21",
        "nodejs-array-different": "^1.0.3"
      }
    },
    "node_modules/lodash": {
      "version": "4.17.21",
      "resolved": "https://registry.npmjs.org/lodash/-/lodash-4.17.21.tgz",
      "integrity": "sha512-v2kDEe57lecTulaDIuNTPy3Ry4gLGJ6Z1O3vE1krgXZNrsQ+LFTGHVxVjcXPs17LhbZVGedAJv8XZ1tvj5FvSg=="
    },
    "node_modules/nodejs-array-different": {
      "version": "1.1.0",
      "resolved": "https://registry.npmjs.org/nodejs-array-different/-/nodejs-array-different-1.1.0.tgz",
      "integrity": "sha512-ZoecQsDgC4BS2FLJEQoFgG2jezQUNYQBan57tD6DtNFGa9ewNL4D19dYjjAFEQgMXOdl5WeH15UbomObAfz+8w=="
    }
  },
  "dependencies": {
    "lodash": {
      "version": "4.17.21",
      "resolved": "https://registry.npmjs.org/lodash/-/lodash-4.17.21.tgz",
      "integrity": "sha512-v2kDEe57lecTulaDIuNTPy3Ry4gLGJ6Z1O3vE1krgXZNrsQ+LFTGHVxVjcXPs17LhbZVGedAJv8XZ1tvj5FvSg=="
    },
    "nodejs-array-different": {
      "version": "1.1.0",
      "resolved": "https://registry.npmjs.org/nodejs-array-different/-/nodejs-array-different-1.1.0.tgz",
      "integrity": "sha512-ZoecQsDgC4BS2FLJEQoFgG2jezQUNYQBan57tD6DtNFGa9ewNL4D19dYjjAFEQgMXOdl5WeH15UbomObAfz+8w=="
    }
  }
}
